
Microsoft Visual Studio Solution File, Format Version 12.00
# Visual Studio Version 17
VisualStudioVersion = 17.10.35122.118
MinimumVisualStudioVersion = 10.0.40219.1
Project("{FAE04EC0-301F-11D3-BF4B-00C04F79EFBC}") = "Lab3part1", "Lab3part1\Lab3part1.csproj", "{3074C6ED-85E2-4058-B598-55C95BB1782C}"
EndProject
Global
	GlobalSection(SolutionConfigurationPlatforms) = preSolution
		Debug|Any CPU = Debug|Any CPU
		Release|Any CPU = Release|Any CPU
	EndGlobalSection
	GlobalSection(ProjectConfigurationPlatforms) = postSolution
		{3074C6ED-85E2-4058-B598-55C95BB1782C}.Debug|Any CPU.ActiveCfg = Debug|Any CPU
		{3074C6ED-85E2-4058-B598-55C95BB1782C}.Debug|Any CPU.Build.0 = Debug|Any CPU
		{3074C6ED-85E2-4058-B598-55C95BB1782C}.Release|Any CPU.ActiveCfg = Release|Any CPU
		{3074C6ED-85E2-4058-B598-55C95BB1782C}.Release|Any CPU.Build.0 = Release|Any CPU
	EndGlobalSection
	GlobalSection(SolutionProperties) = preSolution
		HideSolutionNode = FALSE
	EndGlobalSection
	GlobalSection(ExtensibilityGlobals) = postSolution
		SolutionGuid = {BAA13FDD-59B1-4592-BB42-ED85D2353D93}
	EndGlobalSection
EndGlobal
