
Microsoft Visual Studio Solution File, Format Version 12.00
# Visual Studio Version 17
VisualStudioVersion = 17.10.35122.118
MinimumVisualStudioVersion = 10.0.40219.1
Project("{FAE04EC0-301F-11D3-BF4B-00C04F79EFBC}") = "Teatro", "Teatro.csproj", "{3B77BFE4-8022-4439-A058-B7EF20F92B32}"
EndProject
Global
	GlobalSection(SolutionConfigurationPlatforms) = preSolution
		Debug|Any CPU = Debug|Any CPU
		Release|Any CPU = Release|Any CPU
	EndGlobalSection
	GlobalSection(ProjectConfigurationPlatforms) = postSolution
		{3B77BFE4-8022-4439-A058-B7EF20F92B32}.Debug|Any CPU.ActiveCfg = Debug|Any CPU
		{3B77BFE4-8022-4439-A058-B7EF20F92B32}.Debug|Any CPU.Build.0 = Debug|Any CPU
		{3B77BFE4-8022-4439-A058-B7EF20F92B32}.Release|Any CPU.ActiveCfg = Release|Any CPU
		{3B77BFE4-8022-4439-A058-B7EF20F92B32}.Release|Any CPU.Build.0 = Release|Any CPU
	EndGlobalSection
	GlobalSection(SolutionProperties) = preSolution
		HideSolutionNode = FALSE
	EndGlobalSection
	GlobalSection(ExtensibilityGlobals) = postSolution
		SolutionGuid = {D29B8AB7-B017-49F5-A8E7-02DD02E10175}
	EndGlobalSection
EndGlobal
