
Microsoft Visual Studio Solution File, Format Version 12.00
# Visual Studio Version 17
VisualStudioVersion = 17.10.35122.118
MinimumVisualStudioVersion = 10.0.40219.1
Project("{FAE04EC0-301F-11D3-BF4B-00C04F79EFBC}") = "Sobrecarga_metodos", "Sobrecarga_metodos\Sobrecarga_metodos.csproj", "{3E12B47F-118E-4C18-A483-F2860815BD89}"
EndProject
Global
	GlobalSection(SolutionConfigurationPlatforms) = preSolution
		Debug|Any CPU = Debug|Any CPU
		Release|Any CPU = Release|Any CPU
	EndGlobalSection
	GlobalSection(ProjectConfigurationPlatforms) = postSolution
		{3E12B47F-118E-4C18-A483-F2860815BD89}.Debug|Any CPU.ActiveCfg = Debug|Any CPU
		{3E12B47F-118E-4C18-A483-F2860815BD89}.Debug|Any CPU.Build.0 = Debug|Any CPU
		{3E12B47F-118E-4C18-A483-F2860815BD89}.Release|Any CPU.ActiveCfg = Release|Any CPU
		{3E12B47F-118E-4C18-A483-F2860815BD89}.Release|Any CPU.Build.0 = Release|Any CPU
	EndGlobalSection
	GlobalSection(SolutionProperties) = preSolution
		HideSolutionNode = FALSE
	EndGlobalSection
	GlobalSection(ExtensibilityGlobals) = postSolution
		SolutionGuid = {DDFFC90A-26DC-4AF4-8CFD-2F33D3367008}
	EndGlobalSection
EndGlobal
