
Microsoft Visual Studio Solution File, Format Version 12.00
# Visual Studio Version 17
VisualStudioVersion = 17.10.35122.118
MinimumVisualStudioVersion = 10.0.40219.1
Project("{FAE04EC0-301F-11D3-BF4B-00C04F79EFBC}") = "Ejercicio 5", "Ejercicio 5\Ejercicio 5.csproj", "{FB5C20D8-D4C2-423F-B842-F953CCBCE41A}"
EndProject
Global
	GlobalSection(SolutionConfigurationPlatforms) = preSolution
		Debug|Any CPU = Debug|Any CPU
		Release|Any CPU = Release|Any CPU
	EndGlobalSection
	GlobalSection(ProjectConfigurationPlatforms) = postSolution
		{FB5C20D8-D4C2-423F-B842-F953CCBCE41A}.Debug|Any CPU.ActiveCfg = Debug|Any CPU
		{FB5C20D8-D4C2-423F-B842-F953CCBCE41A}.Debug|Any CPU.Build.0 = Debug|Any CPU
		{FB5C20D8-D4C2-423F-B842-F953CCBCE41A}.Release|Any CPU.ActiveCfg = Release|Any CPU
		{FB5C20D8-D4C2-423F-B842-F953CCBCE41A}.Release|Any CPU.Build.0 = Release|Any CPU
	EndGlobalSection
	GlobalSection(SolutionProperties) = preSolution
		HideSolutionNode = FALSE
	EndGlobalSection
	GlobalSection(ExtensibilityGlobals) = postSolution
		SolutionGuid = {6A494DB3-700E-4829-BD62-D7BEAAFFFE32}
	EndGlobalSection
EndGlobal
