
Microsoft Visual Studio Solution File, Format Version 12.00
# Visual Studio Version 17
VisualStudioVersion = 17.10.35122.118
MinimumVisualStudioVersion = 10.0.40219.1
Project("{FAE04EC0-301F-11D3-BF4B-00C04F79EFBC}") = "Constructores", "Constructores\Constructores.csproj", "{B505C07A-02BE-415E-83AE-32DFD7C9F520}"
EndProject
Global
	GlobalSection(SolutionConfigurationPlatforms) = preSolution
		Debug|Any CPU = Debug|Any CPU
		Release|Any CPU = Release|Any CPU
	EndGlobalSection
	GlobalSection(ProjectConfigurationPlatforms) = postSolution
		{B505C07A-02BE-415E-83AE-32DFD7C9F520}.Debug|Any CPU.ActiveCfg = Debug|Any CPU
		{B505C07A-02BE-415E-83AE-32DFD7C9F520}.Debug|Any CPU.Build.0 = Debug|Any CPU
		{B505C07A-02BE-415E-83AE-32DFD7C9F520}.Release|Any CPU.ActiveCfg = Release|Any CPU
		{B505C07A-02BE-415E-83AE-32DFD7C9F520}.Release|Any CPU.Build.0 = Release|Any CPU
	EndGlobalSection
	GlobalSection(SolutionProperties) = preSolution
		HideSolutionNode = FALSE
	EndGlobalSection
	GlobalSection(ExtensibilityGlobals) = postSolution
		SolutionGuid = {5461646B-8633-4B5E-841C-A269387C536C}
	EndGlobalSection
EndGlobal
