
Microsoft Visual Studio Solution File, Format Version 12.00
# Visual Studio Version 17
VisualStudioVersion = 17.10.35122.118
MinimumVisualStudioVersion = 10.0.40219.1
Project("{FAE04EC0-301F-11D3-BF4B-00C04F79EFBC}") = "Saludo", "Saludo\Saludo.csproj", "{150E2006-2AF4-43C0-8452-4933DB7B0A5E}"
EndProject
Global
	GlobalSection(SolutionConfigurationPlatforms) = preSolution
		Debug|Any CPU = Debug|Any CPU
		Release|Any CPU = Release|Any CPU
	EndGlobalSection
	GlobalSection(ProjectConfigurationPlatforms) = postSolution
		{150E2006-2AF4-43C0-8452-4933DB7B0A5E}.Debug|Any CPU.ActiveCfg = Debug|Any CPU
		{150E2006-2AF4-43C0-8452-4933DB7B0A5E}.Debug|Any CPU.Build.0 = Debug|Any CPU
		{150E2006-2AF4-43C0-8452-4933DB7B0A5E}.Release|Any CPU.ActiveCfg = Release|Any CPU
		{150E2006-2AF4-43C0-8452-4933DB7B0A5E}.Release|Any CPU.Build.0 = Release|Any CPU
	EndGlobalSection
	GlobalSection(SolutionProperties) = preSolution
		HideSolutionNode = FALSE
	EndGlobalSection
	GlobalSection(ExtensibilityGlobals) = postSolution
		SolutionGuid = {FF571158-FC15-4E61-B666-003CDDD8BD06}
	EndGlobalSection
EndGlobal
