
Microsoft Visual Studio Solution File, Format Version 12.00
# Visual Studio Version 17
VisualStudioVersion = 17.10.35122.118
MinimumVisualStudioVersion = 10.0.40219.1
Project("{FAE04EC0-301F-11D3-BF4B-00C04F79EFBC}") = "ProblemaC", "ProblemaC\ProblemaC.csproj", "{65C2913A-FF1C-4210-ADE6-ECBF06EDEB40}"
EndProject
Global
	GlobalSection(SolutionConfigurationPlatforms) = preSolution
		Debug|Any CPU = Debug|Any CPU
		Release|Any CPU = Release|Any CPU
	EndGlobalSection
	GlobalSection(ProjectConfigurationPlatforms) = postSolution
		{65C2913A-FF1C-4210-ADE6-ECBF06EDEB40}.Debug|Any CPU.ActiveCfg = Debug|Any CPU
		{65C2913A-FF1C-4210-ADE6-ECBF06EDEB40}.Debug|Any CPU.Build.0 = Debug|Any CPU
		{65C2913A-FF1C-4210-ADE6-ECBF06EDEB40}.Release|Any CPU.ActiveCfg = Release|Any CPU
		{65C2913A-FF1C-4210-ADE6-ECBF06EDEB40}.Release|Any CPU.Build.0 = Release|Any CPU
	EndGlobalSection
	GlobalSection(SolutionProperties) = preSolution
		HideSolutionNode = FALSE
	EndGlobalSection
	GlobalSection(ExtensibilityGlobals) = postSolution
		SolutionGuid = {4765700C-FFBE-4378-B5E3-3FD7240B756C}
	EndGlobalSection
EndGlobal
